github.com/rohanthewiz/element v0.4.5-0.20250519021340-bfbdd4fdd6f4 h1:8Me9LI/+O1ZaCq05Dy5KuABxTfzU/d8z+ecHDsXShP4=
github.com/rohanthewiz/element v0.4.5-0.20250519021340-bfbdd4fdd6f4/go.mod h1:cA57S9UGRSaWrMmGC1M+8QCQw/y8kgODiBB0KEwIyzo=
github.com/rohanthewiz/element v0.5.2 h1:MG0Wmpc6HvD+Pg8go2q2lL+pAX5dPaaKnO3uRp3fi6k=
github.com/rohanthewiz/element v0.5.2/go.mod h1:cA57S9UGRSaWrMmGC1M+8QCQw/y8kgODiBB0KEwIyzo=
github.com/rohanthewiz/element v0.5.3-0.20250705120752-1d1179513658 h1:N3bT3rTKYTcNedNW3JMD00RMgMlpygqsDtxWJJYUgVU=
github.com/rohanthewiz/element v0.5.3-0.20250705120752-1d1179513658/go.mod h1:cA57S9UGRSaWrMmGC1M+8QCQw/y8kgODiBB0KEwIyzo=
github.com/rohanthewiz/element v0.5.4 h1:GuUkF8/y39opotrVYrfrnygCAVVpyF/aPXyKNJKZnd0=
github.com/rohanthewiz/element v0.5.4/go.mod h1:cA57S9UGRSaWrMmGC1M+8QCQw/y8kgODiBB0KEwIyzo=
github.com/rohanthewiz/rweb v0.1.13-0.20250307165947-074c63d462ae h1:CL7ksi0wR5c0/jb4Um4dZd0asg0HBPlTz0miKe7IJsU=
github.com/rohanthewiz/rweb v0.1.13-0.20250307165947-074c63d462ae/go.mod h1:GBeM+x9dq6LY3GCQXRFNxX5sLpBBcZdsCLw39qj2PmA=
github.com/rohanthewiz/rweb v0.1.15-0.20250705101651-20d3af4f8c5e h1:sF4OQJT6hZqsc/hjpDkdkBRyVLpPotplTONRL9Yl4ac=
github.com/rohanthewiz/rweb v0.1.15-0.20250705101651-20d3af4f8c5e/go.mod h1:Q7Mk/N8Z5XzIK1PeKoDAB+whpygl//wv5wSgFb61HcU=
github.com/rohanthewiz/rweb v0.1.21-0.20250726222422-cf0b26f60f9d h1:l1bIfM9AKtBSbHx4nkwlsCii7JA+CPlwMihXLE5Oa+M=
github.com/rohanthewiz/rweb v0.1.21-0.20250726222422-cf0b26f60f9d/go.mod h1:SdkvSM89cA18qlEm6oh8o7CpKaOCWgdNBzPeiF6I/As=
github.com/rohanthewiz/serr v1.2.2 h1:uFQXy4Gzf0ZAfdGvUxRmHJbGcFAjYnHBL3k2HiCvgeM=
github.com/rohanthewiz/serr v1.2.2/go.mod h1:WYBghPccoTAUknotbanGZzWnIFREXYI5ULwf5sjznxY=
github.com/rohanthewiz/serr v1.2.4 h1:cW2IrPvNfE89BxfW+NwvrgtbLqacz4LG1DLw54mOn/Q=
github.com/rohanthewiz/serr v1.2.4/go.mod h1:WYBghPccoTAUknotbanGZzWnIFREXYI5ULwf5sjznxY=
github.com/rohanthewiz/serr v1.2.16 h1:NDV7yhoHVkZMMSKrJzxysZHUcS7vo3QU88D2B7MHGio=
github.com/rohanthewiz/serr v1.2.16/go.mod h1:WYBghPccoTAUknotbanGZzWnIFREXYI5ULwf5sjznxY=
