github.com/rohanthewiz/element v0.4.5-0.20250519021340-bfbdd4fdd6f4 h1:8Me9LI/+O1ZaCq05Dy5KuABxTfzU/d8z+ecHDsXShP4=
github.com/rohanthewiz/element v0.4.5-0.20250519021340-bfbdd4fdd6f4/go.mod h1:cA57S9UGRSaWrMmGC1M+8QCQw/y8kgODiBB0KEwIyzo=
github.com/rohanthewiz/element v0.5.2 h1:MG0Wmpc6HvD+Pg8go2q2lL+pAX5dPaaKnO3uRp3fi6k=
github.com/rohanthewiz/element v0.5.2/go.mod h1:cA57S9UGRSaWrMmGC1M+8QCQw/y8kgODiBB0KEwIyzo=
github.com/rohanthewiz/rweb v0.1.13-0.20250307165947-074c63d462ae h1:CL7ksi0wR5c0/jb4Um4dZd0asg0HBPlTz0miKe7IJsU=
github.com/rohanthewiz/rweb v0.1.13-0.20250307165947-074c63d462ae/go.mod h1:GBeM+x9dq6LY3GCQXRFNxX5sLpBBcZdsCLw39qj2PmA=
github.com/rohanthewiz/serr v1.2.2 h1:uFQXy4Gzf0ZAfdGvUxRmHJbGcFAjYnHBL3k2HiCvgeM=
github.com/rohanthewiz/serr v1.2.2/go.mod h1:WYBghPccoTAUknotbanGZzWnIFREXYI5ULwf5sjznxY=
