git.akyoto.dev/go/assert v0.1.3 h1:QwCUbmG4aZYsNk/OuRBz1zWVKmGlDUHhOnnDBfn8Qw8=
git.akyoto.dev/go/assert v0.1.3/go.mod h1:0GzMaM0eURuDwtGkJJkCsI7r2aUKr+5GmWNTFPgDocM=
github.com/rohanthewiz/element v0.4.2-0.20250322163905-5066dc48f4b1 h1:plfcpBdXa/sfB4aY/uybhaT5+//JQ6gSB0KscZPz8yM=
github.com/rohanthewiz/element v0.4.2-0.20250322163905-5066dc48f4b1/go.mod h1:yxmrFVnO9eQQ7GbjRfJgJG9u8yHUjTTxy/6ji3PNhXY=
github.com/rohanthewiz/element v0.4.2-0.20250329225931-2d5817c218db h1:W9MnTBsLcGPY9wxxDTZlYAcaTJJaBGQA19gjXkgogdA=
github.com/rohanthewiz/element v0.4.2-0.20250329225931-2d5817c218db/go.mod h1:yxmrFVnO9eQQ7GbjRfJgJG9u8yHUjTTxy/6ji3PNhXY=
github.com/rohanthewiz/element v0.4.2-0.20250409004414-fdc3c9a2d068 h1:gqSOMpGM3z2up5ulO8wfxmhFxbclEbhUeaYb2AdC0Ik=
github.com/rohanthewiz/element v0.4.2-0.20250409004414-fdc3c9a2d068/go.mod h1:yxmrFVnO9eQQ7GbjRfJgJG9u8yHUjTTxy/6ji3PNhXY=
github.com/rohanthewiz/rweb v0.1.13-0.20250326190031-13ba05eb74d8 h1:lmqBkN+2HHnTd7hWttdDhCBUptUFA8feBnM8bpR9+Vs=
github.com/rohanthewiz/rweb v0.1.13-0.20250326190031-13ba05eb74d8/go.mod h1:GBeM+x9dq6LY3GCQXRFNxX5sLpBBcZdsCLw39qj2PmA=
github.com/rohanthewiz/serr v1.2.2 h1:uFQXy4Gzf0ZAfdGvUxRmHJbGcFAjYnHBL3k2HiCvgeM=
github.com/rohanthewiz/serr v1.2.2/go.mod h1:WYBghPccoTAUknotbanGZzWnIFREXYI5ULwf5sjznxY=
