github.com/rohanthewiz/assert v0.1.2 h1:coi0nUTAuqgpxoa7THQynDnBKUzV9Bid+tNaocUkCYE=
github.com/rohanthewiz/assert v0.1.2/go.mod h1:Xix0OMMRN0aGkE207Wk5GJk0eWlpcNGph0+kYpuq+vQ=
github.com/rohanthewiz/rweb v0.1.21-0.20251212221405-68035af7d9e4 h1:ynAVUyCSK1XS27d5Ocp9sdDO+Y+/RDwZQ96Lv9FahEA=
github.com/rohanthewiz/rweb v0.1.21-0.20251212221405-68035af7d9e4/go.mod h1:esRbqdso5FllxreXnmoRNz3XJv4Otr2OIDUX81wRr0c=
github.com/rohanthewiz/serr v1.3.0 h1:gCKIHw0XFOmPifLq0oocx5RDi6iT7AxzVGT+9z3liO4=
github.com/rohanthewiz/serr v1.3.0/go.mod h1:l01AbjXw1zP0kxe5tX5s/sADHiBbl0Rwfo/igde4b88=
